
Microsoft Visual Studio Solution File, Format Version 12.00
# Visual Studio Version 17
VisualStudioVersion = 17.5.33530.505
MinimumVisualStudioVersion = 10.0.40219.1
Project("{8BC9CEB8-8B4A-11D0-8D11-00A0C91BC942}") = "Spektrum", "Spektrum\Spektrum.vcxproj", "{97F335D2-617E-4F49-99D9-CE76AE8002E6}"
EndProject
Project("{8BC9CEB8-8B4A-11D0-8D11-00A0C91BC942}") = "Testing", "Testing\Testing.vcxproj", "{5CCEA6F3-CFED-4469-8D9E-3E763A5C6480}"
EndProject
Global
	GlobalSection(SolutionConfigurationPlatforms) = preSolution
		Debug|x86 = Debug|x86
		Release|x86 = Release|x86
	EndGlobalSection
	GlobalSection(ProjectConfigurationPlatforms) = postSolution
		{97F335D2-617E-4F49-99D9-CE76AE8002E6}.Debug|x86.ActiveCfg = Debug|Win32
		{97F335D2-617E-4F49-99D9-CE76AE8002E6}.Debug|x86.Build.0 = Debug|Win32
		{97F335D2-617E-4F49-99D9-CE76AE8002E6}.Release|x86.ActiveCfg = Release|Win32
		{97F335D2-617E-4F49-99D9-CE76AE8002E6}.Release|x86.Build.0 = Release|Win32
		{5CCEA6F3-CFED-4469-8D9E-3E763A5C6480}.Debug|x86.ActiveCfg = Debug|Win32
		{5CCEA6F3-CFED-4469-8D9E-3E763A5C6480}.Debug|x86.Build.0 = Debug|Win32
		{5CCEA6F3-CFED-4469-8D9E-3E763A5C6480}.Release|x86.ActiveCfg = Release|Win32
		{5CCEA6F3-CFED-4469-8D9E-3E763A5C6480}.Release|x86.Build.0 = Release|Win32
	EndGlobalSection
	GlobalSection(SolutionProperties) = preSolution
		HideSolutionNode = FALSE
	EndGlobalSection
	GlobalSection(ExtensibilityGlobals) = postSolution
		SolutionGuid = {586E3AEB-65A3-4FCB-A4B1-C752CFA1C8C8}
	EndGlobalSection
EndGlobal
